{
  "object": {
    "pins": [
      {
        "package": "PartialSheet",
        "repositoryURL": "https://github.com/AndreaMiotto/PartialSheet",
        "state": {
          "branch": null,
          "revision": "45b8e76c67aaa799e65e607930efc3b1dac07a1c",
          "version": "2.1.12"
        }
      }
    ]
  },
  "version": 1
}
